// !$*UTF8*$!
{
	archiveVersion = 1;
	classes = {
	};
	objectVersion = 50;
	objects = {

/* Begin PBXBuildFile section */
		1F766C41247D8E5D002CE221 /* AppDelegate.swift in Sources */ = {isa = PBXBuildFile; fileRef = 1F766C40247D8E5D002CE221 /* AppDelegate.swift */; };
		1F766C43247D8E5D002CE221 /* SceneDelegate.swift in Sources */ = {isa = PBXBuildFile; fileRef = 1F766C42247D8E5D002CE221 /* SceneDelegate.swift */; };
		1F766C45247D8E5D002CE221 /* ViewController.swift in Sources */ = {isa = PBXBuildFile; fileRef = 1F766C44247D8E5D002CE221 /* ViewController.swift */; };
		1F766C48247D8E5D002CE221 /* Main.storyboard in Resources */ = {isa = PBXBuildFile; fileRef = 1F766C46247D8E5D002CE221 /* Main.storyboard */; };
		1F766C4A247D8E5F002CE221 /* Assets.xcassets in Resources */ = {isa = PBXBuildFile; fileRef = 1F766C49247D8E5F002CE221 /* Assets.xcassets */; };
		1F766C4D247D8E5F002CE221 /* LaunchScreen.storyboard in Resources */ = {isa = PBXBuildFile; fileRef = 1F766C4B247D8E5F002CE221 /* LaunchScreen.storyboard */; };
		1F766C56247D8E96002CE221 /* GWPaginationLayout.swift in Sources */ = {isa = PBXBuildFile; fileRef = 1F766C55247D8E96002CE221 /* GWPaginationLayout.swift */; };
		1F766C58247D90BB002CE221 /* GWPagingCollectionView.swift in Sources */ = {isa = PBXBuildFile; fileRef = 1F766C57247D90BB002CE221 /* GWPagingCollectionView.swift */; };
/* End PBXBuildFile section */

/* Begin PBXFileReference section */
		1F766C3D247D8E5D002CE221 /* GWCardPaging.app */ = {isa = PBXFileReference; explicitFileType = wrapper.application; includeInIndex = 0; path = GWCardPaging.app; sourceTree = BUILT_PRODUCTS_DIR; };
		1F766C40247D8E5D002CE221 /* AppDelegate.swift */ = {isa = PBXFileReference; lastKnownFileType = sourcecode.swift; path = AppDelegate.swift; sourceTree = "<group>"; };
		1F766C42247D8E5D002CE221 /* SceneDelegate.swift */ = {isa = PBXFileReference; lastKnownFileType = sourcecode.swift; path = SceneDelegate.swift; sourceTree = "<group>"; };
		1F766C44247D8E5D002CE221 /* ViewController.swift */ = {isa = PBXFileReference; lastKnownFileType = sourcecode.swift; path = ViewController.swift; sourceTree = "<group>"; };
		1F766C47247D8E5D002CE221 /* Base */ = {isa = PBXFileReference; lastKnownFileType = file.storyboard; name = Base; path = Base.lproj/Main.storyboard; sourceTree = "<group>"; };
		1F766C49247D8E5F002CE221 /* Assets.xcassets */ = {isa = PBXFileReference; lastKnownFileType = folder.assetcatalog; path = Assets.xcassets; sourceTree = "<group>"; };
		1F766C4C247D8E5F002CE221 /* Base */ = {isa = PBXFileReference; lastKnownFileType = file.storyboard; name = Base; path = Base.lproj/LaunchScreen.storyboard; sourceTree = "<group>"; };
		1F766C4E247D8E5F002CE221 /* Info.plist */ = {isa = PBXFileReference; lastKnownFileType = text.plist.xml; path = Info.plist; sourceTree = "<group>"; };
		1F766C55247D8E96002CE221 /* GWPaginationLayout.swift */ = {isa = PBXFileReference; lastKnownFileType = sourcecode.swift; path = GWPaginationLayout.swift; sourceTree = "<group>"; };
		1F766C57247D90BB002CE221 /* GWPagingCollectionView.swift */ = {isa = PBXFileReference; lastKnownFileType = sourcecode.swift; path = GWPagingCollectionView.swift; sourceTree = "<group>"; };
/* End PBXFileReference section */

/* Begin PBXFrameworksBuildPhase section */
		1F766C3A247D8E5D002CE221 /* Frameworks */ = {
			isa = PBXFrameworksBuildPhase;
			buildActionMask = 2147483647;
			files = (
			);
			runOnlyForDeploymentPostprocessing = 0;
		};
/* End PBXFrameworksBuildPhase section */

/* Begin PBXGroup section */
		1F766C34247D8E5D002CE221 = {
			isa = PBXGroup;
			children = (
				1F766C3F247D8E5D002CE221 /* GWCardPaging */,
				1F766C3E247D8E5D002CE221 /* Products */,
			);
			sourceTree = "<group>";
		};
		1F766C3E247D8E5D002CE221 /* Products */ = {
			isa = PBXGroup;
			children = (
				1F766C3D247D8E5D002CE221 /* GWCardPaging.app */,
			);
			name = Products;
			sourceTree = "<group>";
		};
		1F766C3F247D8E5D002CE221 /* GWCardPaging */ = {
			isa = PBXGroup;
			children = (
				1F766C54247D8E7F002CE221 /* Source */,
				1F766C40247D8E5D002CE221 /* AppDelegate.swift */,
				1F766C42247D8E5D002CE221 /* SceneDelegate.swift */,
				1F766C44247D8E5D002CE221 /* ViewController.swift */,
				1F766C46247D8E5D002CE221 /* Main.storyboard */,
				1F766C49247D8E5F002CE221 /* Assets.xcassets */,
				1F766C4B247D8E5F002CE221 /* LaunchScreen.storyboard */,
				1F766C4E247D8E5F002CE221 /* Info.plist */,
			);
			path = GWCardPaging;
			sourceTree = "<group>";
		};
		1F766C54247D8E7F002CE221 /* Source */ = {
			isa = PBXGroup;
			children = (
				1F766C55247D8E96002CE221 /* GWPaginationLayout.swift */,
				1F766C57247D90BB002CE221 /* GWPagingCollectionView.swift */,
			);
			path = Source;
			sourceTree = "<group>";
		};
/* End PBXGroup section */

/* Begin PBXNativeTarget section */
		1F766C3C247D8E5D002CE221 /* GWCardPaging */ = {
			isa = PBXNativeTarget;
			buildConfigurationList = 1F766C51247D8E5F002CE221 /* Build configuration list for PBXNativeTarget "GWCardPaging" */;
			buildPhases = (
				1F766C39247D8E5D002CE221 /* Sources */,
				1F766C3A247D8E5D002CE221 /* Frameworks */,
				1F766C3B247D8E5D002CE221 /* Resources */,
			);
			buildRules = (
			);
			dependencies = (
			);
			name = GWCardPaging;
			productName = GWCardPaging;
			productReference = 1F766C3D247D8E5D002CE221 /* GWCardPaging.app */;
			productType = "com.apple.product-type.application";
		};
/* End PBXNativeTarget section */

/* Begin PBXProject section */
		1F766C35247D8E5D002CE221 /* Project object */ = {
			isa = PBXProject;
			attributes = {
				LastSwiftUpdateCheck = 1130;
				LastUpgradeCheck = 1130;
				ORGANIZATIONNAME = "Ganesh Waje";
				TargetAttributes = {
					1F766C3C247D8E5D002CE221 = {
						CreatedOnToolsVersion = 11.3;
					};
				};
			};
			buildConfigurationList = 1F766C38247D8E5D002CE221 /* Build configuration list for PBXProject "GWCardPaging" */;
			compatibilityVersion = "Xcode 9.3";
			developmentRegion = en;
			hasScannedForEncodings = 0;
			knownRegions = (
				en,
				Base,
			);
			mainGroup = 1F766C34247D8E5D002CE221;
			productRefGroup = 1F766C3E247D8E5D002CE221 /* Products */;
			projectDirPath = "";
			projectRoot = "";
			targets = (
				1F766C3C247D8E5D002CE221 /* GWCardPaging */,
			);
		};
/* End PBXProject section */

/* Begin PBXResourcesBuildPhase section */
		1F766C3B247D8E5D002CE221 /* Resources */ = {
			isa = PBXResourcesBuildPhase;
			buildActionMask = 2147483647;
			files = (
				1F766C4D247D8E5F002CE221 /* LaunchScreen.storyboard in Resources */,
				1F766C4A247D8E5F002CE221 /* Assets.xcassets in Resources */,
				1F766C48247D8E5D002CE221 /* Main.storyboard in Resources */,
			);
			runOnlyForDeploymentPostprocessing = 0;
		};
/* End PBXResourcesBuildPhase section */

/* Begin PBXSourcesBuildPhase section */
		1F766C39247D8E5D002CE221 /* Sources */ = {
			isa = PBXSourcesBuildPhase;
			buildActionMask = 2147483647;
			files = (
				1F766C45247D8E5D002CE221 /* ViewController.swift in Sources */,
				1F766C56247D8E96002CE221 /* GWPaginationLayout.swift in Sources */,
				1F766C41247D8E5D002CE221 /* AppDelegate.swift in Sources */,
				1F766C58247D90BB002CE221 /* GWPagingCollectionView.swift in Sources */,
				1F766C43247D8E5D002CE221 /* SceneDelegate.swift in Sources */,
			);
			runOnlyForDeploymentPostprocessing = 0;
		};
/* End PBXSourcesBuildPhase section */

/* Begin PBXVariantGroup section */
		1F766C46247D8E5D002CE221 /* Main.storyboard */ = {
			isa = PBXVariantGroup;
			children = (
				1F766C47247D8E5D002CE221 /* Base */,
			);
			name = Main.storyboard;
			sourceTree = "<group>";
		};
		1F766C4B247D8E5F002CE221 /* LaunchScreen.storyboard */ = {
			isa = PBXVariantGroup;
			children = (
				1F766C4C247D8E5F002CE221 /* Base */,
			);
			name = LaunchScreen.storyboard;
			sourceTree = "<group>";
		};
/* End PBXVariantGroup section */

/* Begin XCBuildConfiguration section */
		1F766C4F247D8E5F002CE221 /* Debug */ = {
			isa = XCBuildConfiguration;
			buildSettings = {
				ALWAYS_SEARCH_USER_PATHS = NO;
				CLANG_ANALYZER_NONNULL = YES;
				CLANG_ANALYZER_NUMBER_OBJECT_CONVERSION = YES_AGGRESSIVE;
				CLANG_CXX_LANGUAGE_STANDARD = "gnu++14";
				CLANG_CXX_LIBRARY = "libc++";
				CLANG_ENABLE_MODULES = YES;
				CLANG_ENABLE_OBJC_ARC = YES;
				CLANG_ENABLE_OBJC_WEAK = YES;
				CLANG_WARN_BLOCK_CAPTURE_AUTORELEASING = YES;
				CLANG_WARN_BOOL_CONVERSION = YES;
				CLANG_WARN_COMMA = YES;
				CLANG_WARN_CONSTANT_CONVERSION = YES;
				CLANG_WARN_DEPRECATED_OBJC_IMPLEMENTATIONS = YES;
				CLANG_WARN_DIRECT_OBJC_ISA_USAGE = YES_ERROR;
				CLANG_WARN_DOCUMENTATION_COMMENTS = YES;
				CLANG_WARN_EMPTY_BODY = YES;
				CLANG_WARN_ENUM_CONVERSION = YES;
				CLANG_WARN_INFINITE_RECURSION = YES;
				CLANG_WARN_INT_CONVERSION = YES;
				CLANG_WARN_NON_LITERAL_NULL_CONVERSION = YES;
				CLANG_WARN_OBJC_IMPLICIT_RETAIN_SELF = YES;
				CLANG_WARN_OBJC_LITERAL_CONVERSION = YES;
				CLANG_WARN_OBJC_ROOT_CLASS = YES_ERROR;
				CLANG_WARN_RANGE_LOOP_ANALYSIS = YES;
				CLANG_WARN_STRICT_PROTOTYPES = YES;
				CLANG_WARN_SUSPICIOUS_MOVE = YES;
				CLANG_WARN_UNGUARDED_AVAILABILITY = YES_AGGRESSIVE;
				CLANG_WARN_UNREACHABLE_CODE = YES;
				CLANG_WARN__DUPLICATE_METHOD_MATCH = YES;
				COPY_PHASE_STRIP = NO;
				DEBUG_INFORMATION_FORMAT = dwarf;
				ENABLE_STRICT_OBJC_MSGSEND = YES;
				ENABLE_TESTABILITY = YES;
				GCC_C_LANGUAGE_STANDARD = gnu11;
				GCC_DYNAMIC_NO_PIC = NO;
				GCC_NO_COMMON_BLOCKS = YES;
				GCC_OPTIMIZATION_LEVEL = 0;
				GCC_PREPROCESSOR_DEFINITIONS = (
					"DEBUG=1",
					"$(inherited)",
				);
				GCC_WARN_64_TO_32_BIT_CONVERSION = YES;
				GCC_WARN_ABOUT_RETURN_TYPE = YES_ERROR;
				GCC_WARN_UNDECLARED_SELECTOR = YES;
				GCC_WARN_UNINITIALIZED_AUTOS = YES_AGGRESSIVE;
				GCC_WARN_UNUSED_FUNCTION = YES;
				GCC_WARN_UNUSED_VARIABLE = YES;
				IPHONEOS_DEPLOYMENT_TARGET = 13.2;
				MTL_ENABLE_DEBUG_INFO = INCLUDE_SOURCE;
				MTL_FAST_MATH = YES;
				ONLY_ACTIVE_ARCH = YES;
				SDKROOT = iphoneos;
				SWIFT_ACTIVE_COMPILATION_CONDITIONS = DEBUG;
				SWIFT_OPTIMIZATION_LEVEL = "-Onone";
			};
			name = Debug;
		};
		1F766C50247D8E5F002CE221 /* Release */ = {
			isa = XCBuildConfiguration;
			buildSettings = {
				ALWAYS_SEARCH_USER_PATHS = NO;
				CLANG_ANALYZER_NONNULL = YES;
				CLANG_ANALYZER_NUMBER_OBJECT_CONVERSION = YES_AGGRESSIVE;
				CLANG_CXX_LANGUAGE_STANDARD = "gnu++14";
				CLANG_CXX_LIBRARY = "libc++";
				CLANG_ENABLE_MODULES = YES;
				CLANG_ENABLE_OBJC_ARC = YES;
				CLANG_ENABLE_OBJC_WEAK = YES;
				CLANG_WARN_BLOCK_CAPTURE_AUTORELEASING = YES;
				CLANG_WARN_BOOL_CONVERSION = YES;
				CLANG_WARN_COMMA = YES;
				CLANG_WARN_CONSTANT_CONVERSION = YES;
				CLANG_WARN_DEPRECATED_OBJC_IMPLEMENTATIONS = YES;
				CLANG_WARN_DIRECT_OBJC_ISA_USAGE = YES_ERROR;
				CLANG_WARN_DOCUMENTATION_COMMENTS = YES;
				CLANG_WARN_EMPTY_BODY = YES;
				CLANG_WARN_ENUM_CONVERSION = YES;
				CLANG_WARN_INFINITE_RECURSION = YES;
				CLANG_WARN_INT_CONVERSION = YES;
				CLANG_WARN_NON_LITERAL_NULL_CONVERSION = YES;
				CLANG_WARN_OBJC_IMPLICIT_RETAIN_SELF = YES;
				CLANG_WARN_OBJC_LITERAL_CONVERSION = YES;
				CLANG_WARN_OBJC_ROOT_CLASS = YES_ERROR;
				CLANG_WARN_RANGE_LOOP_ANALYSIS = YES;
				CLANG_WARN_STRICT_PROTOTYPES = YES;
				CLANG_WARN_SUSPICIOUS_MOVE = YES;
				CLANG_WARN_UNGUARDED_AVAILABILITY = YES_AGGRESSIVE;
				CLANG_WARN_UNREACHABLE_CODE = YES;
				CLANG_WARN__DUPLICATE_METHOD_MATCH = YES;
				COPY_PHASE_STRIP = NO;
				DEBUG_INFORMATION_FORMAT = "dwarf-with-dsym";
				ENABLE_NS_ASSERTIONS = NO;
				ENABLE_STRICT_OBJC_MSGSEND = YES;
				GCC_C_LANGUAGE_STANDARD = gnu11;
				GCC_NO_COMMON_BLOCKS = YES;
				GCC_WARN_64_TO_32_BIT_CONVERSION = YES;
				GCC_WARN_ABOUT_RETURN_TYPE = YES_ERROR;
				GCC_WARN_UNDECLARED_SELECTOR = YES;
				GCC_WARN_UNINITIALIZED_AUTOS = YES_AGGRESSIVE;
				GCC_WARN_UNUSED_FUNCTION = YES;
				GCC_WARN_UNUSED_VARIABLE = YES;
				IPHONEOS_DEPLOYMENT_TARGET = 13.2;
				MTL_ENABLE_DEBUG_INFO = NO;
				MTL_FAST_MATH = YES;
				SDKROOT = iphoneos;
				SWIFT_COMPILATION_MODE = wholemodule;
				SWIFT_OPTIMIZATION_LEVEL = "-O";
				VALIDATE_PRODUCT = YES;
			};
			name = Release;
		};
		1F766C52247D8E5F002CE221 /* Debug */ = {
			isa = XCBuildConfiguration;
			buildSettings = {
				ASSETCATALOG_COMPILER_APPICON_NAME = AppIcon;
				CODE_SIGN_STYLE = Automatic;
				INFOPLIST_FILE = GWCardPaging/Info.plist;
				LD_RUNPATH_SEARCH_PATHS = (
					"$(inherited)",
					"@executable_path/Frameworks",
				);
				PRODUCT_BUNDLE_IDENTIFIER = com.ganesh.GWCardPaging;
				PRODUCT_NAME = "$(TARGET_NAME)";
				SWIFT_VERSION = 5.0;
				TARGETED_DEVICE_FAMILY = "1,2";
			};
			name = Debug;
		};
		1F766C53247D8E5F002CE221 /* Release */ = {
			isa = XCBuildConfiguration;
			buildSettings = {
				ASSETCATALOG_COMPILER_APPICON_NAME = AppIcon;
				CODE_SIGN_STYLE = Automatic;
				INFOPLIST_FILE = GWCardPaging/Info.plist;
				LD_RUNPATH_SEARCH_PATHS = (
					"$(inherited)",
					"@executable_path/Frameworks",
				);
				PRODUCT_BUNDLE_IDENTIFIER = com.ganesh.GWCardPaging;
				PRODUCT_NAME = "$(TARGET_NAME)";
				SWIFT_VERSION = 5.0;
				TARGETED_DEVICE_FAMILY = "1,2";
			};
			name = Release;
		};
/* End XCBuildConfiguration section */

/* Begin XCConfigurationList section */
		1F766C38247D8E5D002CE221 /* Build configuration list for PBXProject "GWCardPaging" */ = {
			isa = XCConfigurationList;
			buildConfigurations = (
				1F766C4F247D8E5F002CE221 /* Debug */,
				1F766C50247D8E5F002CE221 /* Release */,
			);
			defaultConfigurationIsVisible = 0;
			defaultConfigurationName = Release;
		};
		1F766C51247D8E5F002CE221 /* Build configuration list for PBXNativeTarget "GWCardPaging" */ = {
			isa = XCConfigurationList;
			buildConfigurations = (
				1F766C52247D8E5F002CE221 /* Debug */,
				1F766C53247D8E5F002CE221 /* Release */,
			);
			defaultConfigurationIsVisible = 0;
			defaultConfigurationName = Release;
		};
/* End XCConfigurationList section */
	};
	rootObject = 1F766C35247D8E5D002CE221 /* Project object */;
}
